<?xml version="1.0" encoding="utf-8"?>
<Project ToolsVersion="4.0" xmlns="http://schemas.microsoft.com/developer/msbuild/2003">
  <ItemGroup>
    <Filter Include="Source Files">
      <UniqueIdentifier>{4FC737F1-C7A5-4376-A066-2A32D752A2FF}</UniqueIdentifier>
      <Extensions>cpp;c;cc;cxx;c++;cppm;ixx;def;odl;idl;hpj;bat;asm;asmx</Extensions>
    </Filter>
    <Filter Include="Header Files">
      <UniqueIdentifier>{93995380-89BD-4b04-88EB-625FBE52EBFB}</UniqueIdentifier>
      <Extensions>h;hh;hpp;hxx;h++;hm;inl;inc;ipp;xsd</Extensions>
    </Filter>
    <Filter Include="Resource Files">
      <UniqueIdentifier>{67DA6AB6-F800-4c08-8B7A-83BB121AAD01}</UniqueIdentifier>
      <Extensions>rc;ico;cur;bmp;dlg;rc2;rct;bin;rgs;gif;jpg;jpeg;jpe;resx;tiff;tif;png;wav;mfcribbon-ms</Extensions>
    </Filter>
    <Filter Include="Header Files\frontend">
      <UniqueIdentifier>{d972d697-3e4a-4880-8549-14eaaab79c66}</UniqueIdentifier>
    </Filter>
    <Filter Include="Header Files\core">
      <UniqueIdentifier>{0ed583ff-6b44-4bab-9513-0df353f9a77d}</UniqueIdentifier>
    </Filter>
    <Filter Include="Header Files\nes">
      <UniqueIdentifier>{aaca8371-e4df-4065-9931-897cc70da6ea}</UniqueIdentifier>
    </Filter>
    <Filter Include="Header Files\common">
      <UniqueIdentifier>{76432fee-371a-438b-b8f6-d69bd416f2ff}</UniqueIdentifier>
    </Filter>
    <Filter Include="Source Files\frontend">
      <UniqueIdentifier>{80f810dc-27e1-44a2-9a61-421617a9a74c}</UniqueIdentifier>
    </Filter>
    <Filter Include="Source Files\nes">
      <UniqueIdentifier>{ac2c6cd0-db71-4afd-b833-58f1a3e61b20}</UniqueIdentifier>
    </Filter>
    <Filter Include="Header Files\devtools">
      <UniqueIdentifier>{c1850d89-4101-4eba-8757-6b4dfa312793}</UniqueIdentifier>
    </Filter>
  </ItemGroup>
  <ItemGroup>
    <ClInclude Include="frontend\application.h">
      <Filter>Header Files\frontend</Filter>
    </ClInclude>
    <ClInclude Include="frontend\audio.h">
      <Filter>Header Files\frontend</Filter>
    </ClInclude>
    <ClInclude Include="frontend\emulator_manager.h">
      <Filter>Header Files\frontend</Filter>
    </ClInclude>
    <ClInclude Include="frontend\input.h">
      <Filter>Header Files\frontend</Filter>
    </ClInclude>
    <ClInclude Include="frontend\video.h">
      <Filter>Header Files\frontend</Filter>
    </ClInclude>
    <ClInclude Include="core\emulator_core.h">
      <Filter>Header Files\core</Filter>
    </ClInclude>
    <ClInclude Include="nes\bus.h">
      <Filter>Header Files\nes</Filter>
    </ClInclude>
    <ClInclude Include="nes\cartridge.h">
      <Filter>Header Files\nes</Filter>
    </ClInclude>
    <ClInclude Include="nes\cpu.h">
      <Filter>Header Files\nes</Filter>
    </ClInclude>
    <ClInclude Include="nes\nes.h">
      <Filter>Header Files\nes</Filter>
    </ClInclude>
    <ClInclude Include="nes\ppu.h">
      <Filter>Header Files\nes</Filter>
    </ClInclude>
    <ClInclude Include="common\file_utils.h">
      <Filter>Header Files\common</Filter>
    </ClInclude>
    <ClInclude Include="common\types.h">
      <Filter>Header Files\common</Filter>
    </ClInclude>
    <ClInclude Include="nes\mapper.h">
      <Filter>Header Files\nes</Filter>
    </ClInclude>
    <ClInclude Include="nes\NROM.h">
      <Filter>Header Files\nes</Filter>
    </ClInclude>
    <ClInclude Include="common\format_utils.h">
      <Filter>Header Files\common</Filter>
    </ClInclude>
    <ClInclude Include="devtools\BreakpointManager.h">
      <Filter>Header Files\devtools</Filter>
    </ClInclude>
    <ClInclude Include="devtools\TraceLogger.h">
      <Filter>Header Files\devtools</Filter>
    </ClInclude>
    <ClInclude Include="devtools\DebugState.h">
      <Filter>Header Files\devtools</Filter>
    </ClInclude>
  </ItemGroup>
  <ItemGroup>
    <ClCompile Include="nes\bus.cpp">
      <Filter>Source Files\nes</Filter>
    </ClCompile>
    <ClCompile Include="nes\cartridge.cpp">
      <Filter>Source Files\nes</Filter>
    </ClCompile>
    <ClCompile Include="nes\cpu.cpp">
      <Filter>Source Files\nes</Filter>
    </ClCompile>
    <ClCompile Include="nes\nes.cpp">
      <Filter>Source Files\nes</Filter>
    </ClCompile>
    <ClCompile Include="nes\ppu.cpp">
      <Filter>Source Files\nes</Filter>
    </ClCompile>
    <ClCompile Include="frontend\application.cpp">
      <Filter>Source Files\frontend</Filter>
    </ClCompile>
    <ClCompile Include="frontend\audio.cpp">
      <Filter>Source Files\frontend</Filter>
    </ClCompile>
    <ClCompile Include="frontend\emulator_manager.cpp">
      <Filter>Source Files\frontend</Filter>
    </ClCompile>
    <ClCompile Include="frontend\input.cpp">
      <Filter>Source Files\frontend</Filter>
    </ClCompile>
    <ClCompile Include="frontend\main.cpp">
      <Filter>Source Files\frontend</Filter>
    </ClCompile>
    <ClCompile Include="frontend\video.cpp">
      <Filter>Source Files\frontend</Filter>
    </ClCompile>
    <ClCompile Include="nes\NROM.cpp">
      <Filter>Source Files\nes</Filter>
    </ClCompile>
  </ItemGroup>
</Project>