<?xml version="1.0" encoding="utf-8"?>
<Project ToolsVersion="4.0" xmlns="http://schemas.microsoft.com/developer/msbuild/2003">
  <ItemGroup>
    <Filter Include="Source Files">
      <UniqueIdentifier>{4FC737F1-C7A5-4376-A066-2A32D752A2FF}</UniqueIdentifier>
      <Extensions>cpp;c;cc;cxx;c++;cppm;ixx;def;odl;idl;hpj;bat;asm;asmx</Extensions>
    </Filter>
    <Filter Include="Header Files">
      <UniqueIdentifier>{93995380-89BD-4b04-88EB-625FBE52EBFB}</UniqueIdentifier>
      <Extensions>h;hh;hpp;hxx;h++;hm;inl;inc;ipp;xsd</Extensions>
    </Filter>
    <Filter Include="Resource Files">
      <UniqueIdentifier>{67DA6AB6-F800-4c08-8B7A-83BB121AAD01}</UniqueIdentifier>
      <Extensions>rc;ico;cur;bmp;dlg;rc2;rct;bin;rgs;gif;jpg;jpeg;jpe;resx;tiff;tif;png;wav;mfcribbon-ms</Extensions>
    </Filter>
    <Filter Include="Header Files\core">
      <UniqueIdentifier>{e9afc50a-f2cf-49c1-b97d-fac18ad29186}</UniqueIdentifier>
    </Filter>
    <Filter Include="Header Files\systems">
      <UniqueIdentifier>{37c93b33-bd71-4def-8f27-90b9165aa33f}</UniqueIdentifier>
    </Filter>
    <Filter Include="Header Files\frontend">
      <UniqueIdentifier>{95787dc5-0920-43ca-9702-35705316aa6a}</UniqueIdentifier>
    </Filter>
    <Filter Include="Source Files\systems">
      <UniqueIdentifier>{9410345f-8c55-4d93-977f-cdf4e055d787}</UniqueIdentifier>
    </Filter>
    <Filter Include="Source Files\systems\NES">
      <UniqueIdentifier>{c5c28099-8613-4b9c-8d61-41f6b3186eba}</UniqueIdentifier>
    </Filter>
    <Filter Include="Header Files\systems\NES">
      <UniqueIdentifier>{47e52f69-8966-4f8d-9a68-03f002252e58}</UniqueIdentifier>
    </Filter>
  </ItemGroup>
  <ItemGroup>
    <ClInclude Include="src\core\Bus.h">
      <Filter>Header Files\core</Filter>
    </ClInclude>
    <ClInclude Include="src\core\Device.h">
      <Filter>Header Files\core</Filter>
    </ClInclude>
    <ClInclude Include="src\core\IConsole.h">
      <Filter>Header Files\core</Filter>
    </ClInclude>
    <ClInclude Include="src\core\VideoTypes.h">
      <Filter>Header Files\core</Filter>
    </ClInclude>
    <ClInclude Include="src\systems\NES\NES.h">
      <Filter>Header Files\systems\NES</Filter>
    </ClInclude>
    <ClInclude Include="src\core\RAM.h">
      <Filter>Header Files\core</Filter>
    </ClInclude>
    <ClInclude Include="src\systems\NES\Cartridge.h">
      <Filter>Header Files\systems\NES</Filter>
    </ClInclude>
    <ClInclude Include="src\systems\NES\NES_CPU.h">
      <Filter>Header Files\systems\NES</Filter>
    </ClInclude>
    <ClInclude Include="src\systems\NES\NES_PPU.h">
      <Filter>Header Files\systems\NES</Filter>
    </ClInclude>
    <ClInclude Include="src\core\Helpers.h">
      <Filter>Header Files\core</Filter>
    </ClInclude>
  </ItemGroup>
  <ItemGroup>
    <ClCompile Include="src\frontend\SDLRenderer.cpp">
      <Filter>Header Files\frontend</Filter>
    </ClCompile>
    <ClCompile Include="src\systems\NES\Cartridge.cpp">
      <Filter>Source Files\systems\NES</Filter>
    </ClCompile>
    <ClCompile Include="src\systems\NES\NES.cpp">
      <Filter>Source Files\systems\NES</Filter>
    </ClCompile>
    <ClCompile Include="src\systems\NES\NES_CPU.cpp">
      <Filter>Source Files\systems\NES</Filter>
    </ClCompile>
    <ClCompile Include="src\systems\NES\NES_PPU.cpp">
      <Filter>Source Files\systems\NES</Filter>
    </ClCompile>
    <ClCompile Include="src\main.cpp">
      <Filter>Source Files</Filter>
    </ClCompile>
  </ItemGroup>
</Project>